
Microsoft Visual Studio Solution File, Format Version 12.00
# Visual Studio 14
VisualStudioVersion = 14.0.25420.1
MinimumVisualStudioVersion = 10.0.40219.1
Project("{FAE04EC0-301F-11D3-BF4B-00C04F79EFBC}") = "TestWebsite", "TestWebsite.csproj", "{EC8E3F6A-A148-4455-A5D7-092625B57023}"
EndProject
Project("{FAE04EC0-301F-11D3-BF4B-00C04F79EFBC}") = "AppReferences", "..\AppReferences\AppReferences.csproj", "{17568443-D10F-4D15-892E-3D0F425EA516}"
EndProject
Project("{FAE04EC0-301F-11D3-BF4B-00C04F79EFBC}") = "WorkFlowBuilder", "..\WorkFlowBuilder\WorkFlowBuilder.csproj", "{B11795D6-C5A3-4628-A104-D43AEE50B064}"
EndProject
Project("{FAE04EC0-301F-11D3-BF4B-00C04F79EFBC}") = "WorkflowBuilderTests", "WorkflowBuilderTests\WorkflowBuilderTests.csproj", "{8C85A593-521E-4544-A4AE-828545543C2A}"
EndProject
Global
	GlobalSection(SolutionConfigurationPlatforms) = preSolution
		Debug|Any CPU = Debug|Any CPU
		Release|Any CPU = Release|Any CPU
	EndGlobalSection
	GlobalSection(ProjectConfigurationPlatforms) = postSolution
		{EC8E3F6A-A148-4455-A5D7-092625B57023}.Debug|Any CPU.ActiveCfg = Debug|Any CPU
		{EC8E3F6A-A148-4455-A5D7-092625B57023}.Debug|Any CPU.Build.0 = Debug|Any CPU
		{EC8E3F6A-A148-4455-A5D7-092625B57023}.Release|Any CPU.ActiveCfg = Release|Any CPU
		{EC8E3F6A-A148-4455-A5D7-092625B57023}.Release|Any CPU.Build.0 = Release|Any CPU
		{17568443-D10F-4D15-892E-3D0F425EA516}.Debug|Any CPU.ActiveCfg = Debug|Any CPU
		{17568443-D10F-4D15-892E-3D0F425EA516}.Debug|Any CPU.Build.0 = Debug|Any CPU
		{17568443-D10F-4D15-892E-3D0F425EA516}.Release|Any CPU.ActiveCfg = Release|Any CPU
		{17568443-D10F-4D15-892E-3D0F425EA516}.Release|Any CPU.Build.0 = Release|Any CPU
		{B11795D6-C5A3-4628-A104-D43AEE50B064}.Debug|Any CPU.ActiveCfg = Debug|Any CPU
		{B11795D6-C5A3-4628-A104-D43AEE50B064}.Debug|Any CPU.Build.0 = Debug|Any CPU
		{B11795D6-C5A3-4628-A104-D43AEE50B064}.Release|Any CPU.ActiveCfg = Release|Any CPU
		{B11795D6-C5A3-4628-A104-D43AEE50B064}.Release|Any CPU.Build.0 = Release|Any CPU
		{8C85A593-521E-4544-A4AE-828545543C2A}.Debug|Any CPU.ActiveCfg = Debug|Any CPU
		{8C85A593-521E-4544-A4AE-828545543C2A}.Debug|Any CPU.Build.0 = Debug|Any CPU
		{8C85A593-521E-4544-A4AE-828545543C2A}.Release|Any CPU.ActiveCfg = Release|Any CPU
		{8C85A593-521E-4544-A4AE-828545543C2A}.Release|Any CPU.Build.0 = Release|Any CPU
	EndGlobalSection
	GlobalSection(SolutionProperties) = preSolution
		HideSolutionNode = FALSE
	EndGlobalSection
EndGlobal
